
Microsoft Visual Studio Solution File, Format Version 12.00
# Visual Studio Version 16
VisualStudioVersion = 16.0.31410.357
MinimumVisualStudioVersion = 10.0.40219.1
Project("{FAE04EC0-301F-11D3-BF4B-00C04F79EFBC}") = "UniversalTrainer", "UniversalTrainer\UniversalTrainer.csproj", "{C07186A8-6D54-4014-827B-74DB2D645644}"
EndProject
Global
	GlobalSection(SolutionConfigurationPlatforms) = preSolution
		Debug|Any CPU = Debug|Any CPU
		Release|Any CPU = Release|Any CPU
	EndGlobalSection
	GlobalSection(ProjectConfigurationPlatforms) = postSolution
		{C07186A8-6D54-4014-827B-74DB2D645644}.Debug|Any CPU.ActiveCfg = Debug|Any CPU
		{C07186A8-6D54-4014-827B-74DB2D645644}.Debug|Any CPU.Build.0 = Debug|Any CPU
		{C07186A8-6D54-4014-827B-74DB2D645644}.Release|Any CPU.ActiveCfg = Release|Any CPU
		{C07186A8-6D54-4014-827B-74DB2D645644}.Release|Any CPU.Build.0 = Release|Any CPU
	EndGlobalSection
	GlobalSection(SolutionProperties) = preSolution
		HideSolutionNode = FALSE
	EndGlobalSection
	GlobalSection(ExtensibilityGlobals) = postSolution
		SolutionGuid = {7D4E2762-498B-4403-8192-390170D75B1B}
	EndGlobalSection
EndGlobal
